
Microsoft Visual Studio Solution File, Format Version 12.00
# Visual Studio 15
Project("{FAE04EC0-301F-11D3-BF4B-00C04F79EFBC}") = "polopalay.github.io", "polopalay.github.io.csproj", "{B068721D-0FA1-4AC3-B648-FC4EB4DA9A9C}"
EndProject
Global
	GlobalSection(SolutionConfigurationPlatforms) = preSolution
		Debug|Any CPU = Debug|Any CPU
		Release|Any CPU = Release|Any CPU
	EndGlobalSection
	GlobalSection(ProjectConfigurationPlatforms) = postSolution
		{B068721D-0FA1-4AC3-B648-FC4EB4DA9A9C}.Debug|Any CPU.ActiveCfg = Debug|Any CPU
		{B068721D-0FA1-4AC3-B648-FC4EB4DA9A9C}.Debug|Any CPU.Build.0 = Debug|Any CPU
		{B068721D-0FA1-4AC3-B648-FC4EB4DA9A9C}.Release|Any CPU.ActiveCfg = Release|Any CPU
		{B068721D-0FA1-4AC3-B648-FC4EB4DA9A9C}.Release|Any CPU.Build.0 = Release|Any CPU
	EndGlobalSection
EndGlobal
